
Microsoft Visual Studio Solution File, Format Version 12.00
# Visual Studio Version 16
VisualStudioVersion = 16.0.33130.400
MinimumVisualStudioVersion = 10.0.40219.1
Project("{FAE04EC0-301F-11D3-BF4B-00C04F79EFBC}") = "LectureActivityTwoBerriosSean", "LectureActivityTwoBerriosSean.csproj", "{33E928E1-8179-4AC0-9FCB-C1CBB452CC04}"
EndProject
Project("{FAE04EC0-301F-11D3-BF4B-00C04F79EFBC}") = "consoleClientApp", "consoleClientApp\consoleClientApp.csproj", "{8B98166F-4EB5-4117-840E-0C5A8055D7A4}"
	ProjectSection(ProjectDependencies) = postProject
		{33E928E1-8179-4AC0-9FCB-C1CBB452CC04} = {33E928E1-8179-4AC0-9FCB-C1CBB452CC04}
	EndProjectSection
EndProject
Global
	GlobalSection(SolutionConfigurationPlatforms) = preSolution
		Debug|Any CPU = Debug|Any CPU
		Release|Any CPU = Release|Any CPU
	EndGlobalSection
	GlobalSection(ProjectConfigurationPlatforms) = postSolution
		{33E928E1-8179-4AC0-9FCB-C1CBB452CC04}.Debug|Any CPU.ActiveCfg = Debug|Any CPU
		{33E928E1-8179-4AC0-9FCB-C1CBB452CC04}.Debug|Any CPU.Build.0 = Debug|Any CPU
		{33E928E1-8179-4AC0-9FCB-C1CBB452CC04}.Release|Any CPU.ActiveCfg = Release|Any CPU
		{33E928E1-8179-4AC0-9FCB-C1CBB452CC04}.Release|Any CPU.Build.0 = Release|Any CPU
		{8B98166F-4EB5-4117-840E-0C5A8055D7A4}.Debug|Any CPU.ActiveCfg = Debug|Any CPU
		{8B98166F-4EB5-4117-840E-0C5A8055D7A4}.Debug|Any CPU.Build.0 = Debug|Any CPU
		{8B98166F-4EB5-4117-840E-0C5A8055D7A4}.Release|Any CPU.ActiveCfg = Release|Any CPU
		{8B98166F-4EB5-4117-840E-0C5A8055D7A4}.Release|Any CPU.Build.0 = Release|Any CPU
	EndGlobalSection
	GlobalSection(SolutionProperties) = preSolution
		HideSolutionNode = FALSE
	EndGlobalSection
	GlobalSection(ExtensibilityGlobals) = postSolution
		SolutionGuid = {1479CFB5-B543-4AF9-B5D4-7F1F2F3E42D8}
	EndGlobalSection
EndGlobal
