
Microsoft Visual Studio Solution File, Format Version 12.00
# Visual Studio Version 16
VisualStudioVersion = 16.0.33130.400
MinimumVisualStudioVersion = 10.0.40219.1
Project("{FAE04EC0-301F-11D3-BF4B-00C04F79EFBC}") = "Lecture_Activity_One", "Lecture_Activity_One.csproj", "{42922541-7F69-4702-BC5D-D03B1CEDD8A6}"
EndProject
Global
	GlobalSection(SolutionConfigurationPlatforms) = preSolution
		Debug|Any CPU = Debug|Any CPU
		Release|Any CPU = Release|Any CPU
	EndGlobalSection
	GlobalSection(ProjectConfigurationPlatforms) = postSolution
		{42922541-7F69-4702-BC5D-D03B1CEDD8A6}.Debug|Any CPU.ActiveCfg = Debug|Any CPU
		{42922541-7F69-4702-BC5D-D03B1CEDD8A6}.Debug|Any CPU.Build.0 = Debug|Any CPU
		{42922541-7F69-4702-BC5D-D03B1CEDD8A6}.Release|Any CPU.ActiveCfg = Release|Any CPU
		{42922541-7F69-4702-BC5D-D03B1CEDD8A6}.Release|Any CPU.Build.0 = Release|Any CPU
	EndGlobalSection
	GlobalSection(SolutionProperties) = preSolution
		HideSolutionNode = FALSE
	EndGlobalSection
	GlobalSection(ExtensibilityGlobals) = postSolution
		SolutionGuid = {A63477D6-3537-47FE-A1A9-49B1725BF2C9}
	EndGlobalSection
EndGlobal
