
Microsoft Visual Studio Solution File, Format Version 12.00
# Visual Studio Version 16
VisualStudioVersion = 16.0.33130.400
MinimumVisualStudioVersion = 10.0.40219.1
Project("{FAE04EC0-301F-11D3-BF4B-00C04F79EFBC}") = "A4_part1_berrios_sean", "A4_part1_berrios_sean.csproj", "{43E69055-D6EB-425B-AC81-5567E66F0152}"
EndProject
Global
	GlobalSection(SolutionConfigurationPlatforms) = preSolution
		Debug|Any CPU = Debug|Any CPU
		Release|Any CPU = Release|Any CPU
	EndGlobalSection
	GlobalSection(ProjectConfigurationPlatforms) = postSolution
		{43E69055-D6EB-425B-AC81-5567E66F0152}.Debug|Any CPU.ActiveCfg = Debug|Any CPU
		{43E69055-D6EB-425B-AC81-5567E66F0152}.Debug|Any CPU.Build.0 = Debug|Any CPU
		{43E69055-D6EB-425B-AC81-5567E66F0152}.Release|Any CPU.ActiveCfg = Release|Any CPU
		{43E69055-D6EB-425B-AC81-5567E66F0152}.Release|Any CPU.Build.0 = Release|Any CPU
	EndGlobalSection
	GlobalSection(SolutionProperties) = preSolution
		HideSolutionNode = FALSE
	EndGlobalSection
	GlobalSection(ExtensibilityGlobals) = postSolution
		SolutionGuid = {BA98431A-1C69-4DFE-A2C9-FA0DA76FD61F}
	EndGlobalSection
EndGlobal
