
Microsoft Visual Studio Solution File, Format Version 12.00
# Visual Studio Version 16
VisualStudioVersion = 16.0.33130.400
MinimumVisualStudioVersion = 10.0.40219.1
Project("{FAE04EC0-301F-11D3-BF4B-00C04F79EFBC}") = "A4part_2_berrios_sean", "A4part_2_berrios_sean.csproj", "{B3A95BD5-93F0-43F6-8DB5-24BAA4AEF150}"
EndProject
Global
	GlobalSection(SolutionConfigurationPlatforms) = preSolution
		Debug|Any CPU = Debug|Any CPU
		Release|Any CPU = Release|Any CPU
	EndGlobalSection
	GlobalSection(ProjectConfigurationPlatforms) = postSolution
		{B3A95BD5-93F0-43F6-8DB5-24BAA4AEF150}.Debug|Any CPU.ActiveCfg = Debug|Any CPU
		{B3A95BD5-93F0-43F6-8DB5-24BAA4AEF150}.Debug|Any CPU.Build.0 = Debug|Any CPU
		{B3A95BD5-93F0-43F6-8DB5-24BAA4AEF150}.Release|Any CPU.ActiveCfg = Release|Any CPU
		{B3A95BD5-93F0-43F6-8DB5-24BAA4AEF150}.Release|Any CPU.Build.0 = Release|Any CPU
	EndGlobalSection
	GlobalSection(SolutionProperties) = preSolution
		HideSolutionNode = FALSE
	EndGlobalSection
	GlobalSection(ExtensibilityGlobals) = postSolution
		SolutionGuid = {816A0E4E-3C1F-4116-93A7-BCEF62A1AEB6}
	EndGlobalSection
EndGlobal
