
Microsoft Visual Studio Solution File, Format Version 12.00
# Visual Studio Version 16
VisualStudioVersion = 16.0.33130.400
MinimumVisualStudioVersion = 10.0.40219.1
Project("{FAE04EC0-301F-11D3-BF4B-00C04F79EFBC}") = "A1Berrios_Sean_Part1", "A1Berrios_Sean_Part1.csproj", "{E0F4C02F-B14E-4D3C-8BB8-3EE6DED304C2}"
EndProject
Project("{FAE04EC0-301F-11D3-BF4B-00C04F79EFBC}") = "windowsFormsClient", "windowsFormsClient\windowsFormsClient.csproj", "{60E25D78-FEEA-438A-A1A6-60BD817FAE24}"
	ProjectSection(ProjectDependencies) = postProject
		{E0F4C02F-B14E-4D3C-8BB8-3EE6DED304C2} = {E0F4C02F-B14E-4D3C-8BB8-3EE6DED304C2}
	EndProjectSection
EndProject
Project("{FAE04EC0-301F-11D3-BF4B-00C04F79EFBC}") = "webAppClient", "webAppClient\webAppClient.csproj", "{D4AC6116-141E-47F4-BCF1-19D91ECF3C83}"
EndProject
Global
	GlobalSection(SolutionConfigurationPlatforms) = preSolution
		Debug|Any CPU = Debug|Any CPU
		Release|Any CPU = Release|Any CPU
	EndGlobalSection
	GlobalSection(ProjectConfigurationPlatforms) = postSolution
		{E0F4C02F-B14E-4D3C-8BB8-3EE6DED304C2}.Debug|Any CPU.ActiveCfg = Debug|Any CPU
		{E0F4C02F-B14E-4D3C-8BB8-3EE6DED304C2}.Debug|Any CPU.Build.0 = Debug|Any CPU
		{E0F4C02F-B14E-4D3C-8BB8-3EE6DED304C2}.Release|Any CPU.ActiveCfg = Release|Any CPU
		{E0F4C02F-B14E-4D3C-8BB8-3EE6DED304C2}.Release|Any CPU.Build.0 = Release|Any CPU
		{60E25D78-FEEA-438A-A1A6-60BD817FAE24}.Debug|Any CPU.ActiveCfg = Debug|Any CPU
		{60E25D78-FEEA-438A-A1A6-60BD817FAE24}.Debug|Any CPU.Build.0 = Debug|Any CPU
		{60E25D78-FEEA-438A-A1A6-60BD817FAE24}.Release|Any CPU.ActiveCfg = Release|Any CPU
		{60E25D78-FEEA-438A-A1A6-60BD817FAE24}.Release|Any CPU.Build.0 = Release|Any CPU
		{D4AC6116-141E-47F4-BCF1-19D91ECF3C83}.Debug|Any CPU.ActiveCfg = Debug|Any CPU
		{D4AC6116-141E-47F4-BCF1-19D91ECF3C83}.Debug|Any CPU.Build.0 = Debug|Any CPU
		{D4AC6116-141E-47F4-BCF1-19D91ECF3C83}.Release|Any CPU.ActiveCfg = Release|Any CPU
		{D4AC6116-141E-47F4-BCF1-19D91ECF3C83}.Release|Any CPU.Build.0 = Release|Any CPU
	EndGlobalSection
	GlobalSection(SolutionProperties) = preSolution
		HideSolutionNode = FALSE
	EndGlobalSection
	GlobalSection(ExtensibilityGlobals) = postSolution
		SolutionGuid = {C54E3D81-AC66-43F7-8016-D713000F00DD}
	EndGlobalSection
EndGlobal
